// !$*UTF8*$!
{
	archiveVersion = 1;
	classes = {
	};
	objectVersion = 46;
	objects = {

/* Begin PBXBuildFile section */
		0A6AD1E41D1232CC00353ABA /* AppDelegate.swift in Sources */ = {isa = PBXBuildFile; fileRef = 0A6AD1E31D1232CC00353ABA /* AppDelegate.swift */; };
		0A6AD1E61D1232CC00353ABA /* ViewController.swift in Sources */ = {isa = PBXBuildFile; fileRef = 0A6AD1E51D1232CC00353ABA /* ViewController.swift */; };
		0A6AD1E91D1232CC00353ABA /* Main.storyboard in Resources */ = {isa = PBXBuildFile; fileRef = 0A6AD1E71D1232CC00353ABA /* Main.storyboard */; };
		0A6AD1EB1D1232CC00353ABA /* Assets.xcassets in Resources */ = {isa = PBXBuildFile; fileRef = 0A6AD1EA1D1232CC00353ABA /* Assets.xcassets */; };
		0A6AD1EE1D1232CC00353ABA /* LaunchScreen.storyboard in Resources */ = {isa = PBXBuildFile; fileRef = 0A6AD1EC1D1232CC00353ABA /* LaunchScreen.storyboard */; };
/* End PBXBuildFile section */

/* Begin PBXFileReference section */
		0A6AD1E01D1232CC00353ABA /* Playing with Arrays.app */ = {isa = PBXFileReference; explicitFileType = wrapper.application; includeInIndex = 0; path = "Playing with Arrays.app"; sourceTree = BUILT_PRODUCTS_DIR; };
		0A6AD1E31D1232CC00353ABA /* AppDelegate.swift */ = {isa = PBXFileReference; lastKnownFileType = sourcecode.swift; path = AppDelegate.swift; sourceTree = "<group>"; };
		0A6AD1E51D1232CC00353ABA /* ViewController.swift */ = {isa = PBXFileReference; lastKnownFileType = sourcecode.swift; path = ViewController.swift; sourceTree = "<group>"; };
		0A6AD1E81D1232CC00353ABA /* Base */ = {isa = PBXFileReference; lastKnownFileType = file.storyboard; name = Base; path = Base.lproj/Main.storyboard; sourceTree = "<group>"; };
		0A6AD1EA1D1232CC00353ABA /* Assets.xcassets */ = {isa = PBXFileReference; lastKnownFileType = folder.assetcatalog; path = Assets.xcassets; sourceTree = "<group>"; };
		0A6AD1ED1D1232CC00353ABA /* Base */ = {isa = PBXFileReference; lastKnownFileType = file.storyboard; name = Base; path = Base.lproj/LaunchScreen.storyboard; sourceTree = "<group>"; };
		0A6AD1EF1D1232CC00353ABA /* Info.plist */ = {isa = PBXFileReference; lastKnownFileType = text.plist.xml; path = Info.plist; sourceTree = "<group>"; };
/* End PBXFileReference section */

/* Begin PBXFrameworksBuildPhase section */
		0A6AD1DD1D1232CC00353ABA /* Frameworks */ = {
			isa = PBXFrameworksBuildPhase;
			buildActionMask = 2147483647;
			files = (
			);
			runOnlyForDeploymentPostprocessing = 0;
		};
/* End PBXFrameworksBuildPhase section */

/* Begin PBXGroup section */
		0A6AD1D71D1232CC00353ABA = {
			isa = PBXGroup;
			children = (
				0A6AD1E21D1232CC00353ABA /* Playing with Arrays */,
				0A6AD1E11D1232CC00353ABA /* Products */,
			);
			sourceTree = "<group>";
		};
		0A6AD1E11D1232CC00353ABA /* Products */ = {
			isa = PBXGroup;
			children = (
				0A6AD1E01D1232CC00353ABA /* Playing with Arrays.app */,
			);
			name = Products;
			sourceTree = "<group>";
		};
		0A6AD1E21D1232CC00353ABA /* Playing with Arrays */ = {
			isa = PBXGroup;
			children = (
				0A6AD1E31D1232CC00353ABA /* AppDelegate.swift */,
				0A6AD1E51D1232CC00353ABA /* ViewController.swift */,
				0A6AD1E71D1232CC00353ABA /* Main.storyboard */,
				0A6AD1EA1D1232CC00353ABA /* Assets.xcassets */,
				0A6AD1EC1D1232CC00353ABA /* LaunchScreen.storyboard */,
				0A6AD1EF1D1232CC00353ABA /* Info.plist */,
			);
			path = "Playing with Arrays";
			sourceTree = "<group>";
		};
/* End PBXGroup section */

/* Begin PBXNativeTarget section */
		0A6AD1DF1D1232CC00353ABA /* Playing with Arrays */ = {
			isa = PBXNativeTarget;
			buildConfigurationList = 0A6AD1F21D1232CC00353ABA /* Build configuration list for PBXNativeTarget "Playing with Arrays" */;
			buildPhases = (
				0A6AD1DC1D1232CC00353ABA /* Sources */,
				0A6AD1DD1D1232CC00353ABA /* Frameworks */,
				0A6AD1DE1D1232CC00353ABA /* Resources */,
			);
			buildRules = (
			);
			dependencies = (
			);
			name = "Playing with Arrays";
			productName = "Playing with Arrays";
			productReference = 0A6AD1E01D1232CC00353ABA /* Playing with Arrays.app */;
			productType = "com.apple.product-type.application";
		};
/* End PBXNativeTarget section */

/* Begin PBXProject section */
		0A6AD1D81D1232CC00353ABA /* Project object */ = {
			isa = PBXProject;
			attributes = {
				LastSwiftUpdateCheck = 0730;
				LastUpgradeCheck = 0730;
				ORGANIZATIONNAME = SuperCool2;
				TargetAttributes = {
					0A6AD1DF1D1232CC00353ABA = {
						CreatedOnToolsVersion = 7.3.1;
					};
				};
			};
			buildConfigurationList = 0A6AD1DB1D1232CC00353ABA /* Build configuration list for PBXProject "Playing with Arrays" */;
			compatibilityVersion = "Xcode 3.2";
			developmentRegion = English;
			hasScannedForEncodings = 0;
			knownRegions = (
				en,
				Base,
			);
			mainGroup = 0A6AD1D71D1232CC00353ABA;
			productRefGroup = 0A6AD1E11D1232CC00353ABA /* Products */;
			projectDirPath = "";
			projectRoot = "";
			targets = (
				0A6AD1DF1D1232CC00353ABA /* Playing with Arrays */,
			);
		};
/* End PBXProject section */

/* Begin PBXResourcesBuildPhase section */
		0A6AD1DE1D1232CC00353ABA /* Resources */ = {
			isa = PBXResourcesBuildPhase;
			buildActionMask = 2147483647;
			files = (
				0A6AD1EE1D1232CC00353ABA /* LaunchScreen.storyboard in Resources */,
				0A6AD1EB1D1232CC00353ABA /* Assets.xcassets in Resources */,
				0A6AD1E91D1232CC00353ABA /* Main.storyboard in Resources */,
			);
			runOnlyForDeploymentPostprocessing = 0;
		};
/* End PBXResourcesBuildPhase section */

/* Begin PBXSourcesBuildPhase section */
		0A6AD1DC1D1232CC00353ABA /* Sources */ = {
			isa = PBXSourcesBuildPhase;
			buildActionMask = 2147483647;
			files = (
				0A6AD1E61D1232CC00353ABA /* ViewController.swift in Sources */,
				0A6AD1E41D1232CC00353ABA /* AppDelegate.swift in Sources */,
			);
			runOnlyForDeploymentPostprocessing = 0;
		};
/* End PBXSourcesBuildPhase section */

/* Begin PBXVariantGroup section */
		0A6AD1E71D1232CC00353ABA /* Main.storyboard */ = {
			isa = PBXVariantGroup;
			children = (
				0A6AD1E81D1232CC00353ABA /* Base */,
			);
			name = Main.storyboard;
			sourceTree = "<group>";
		};
		0A6AD1EC1D1232CC00353ABA /* LaunchScreen.storyboard */ = {
			isa = PBXVariantGroup;
			children = (
				0A6AD1ED1D1232CC00353ABA /* Base */,
			);
			name = LaunchScreen.storyboard;
			sourceTree = "<group>";
		};
/* End PBXVariantGroup section */

/* Begin XCBuildConfiguration section */
		0A6AD1F01D1232CC00353ABA /* Debug */ = {
			isa = XCBuildConfiguration;
			buildSettings = {
				ALWAYS_SEARCH_USER_PATHS = NO;
				CLANG_ANALYZER_NONNULL = YES;
				CLANG_CXX_LANGUAGE_STANDARD = "gnu++0x";
				CLANG_CXX_LIBRARY = "libc++";
				CLANG_ENABLE_MODULES = YES;
				CLANG_ENABLE_OBJC_ARC = YES;
				CLANG_WARN_BOOL_CONVERSION = YES;
				CLANG_WARN_CONSTANT_CONVERSION = YES;
				CLANG_WARN_DIRECT_OBJC_ISA_USAGE = YES_ERROR;
				CLANG_WARN_EMPTY_BODY = YES;
				CLANG_WARN_ENUM_CONVERSION = YES;
				CLANG_WARN_INT_CONVERSION = YES;
				CLANG_WARN_OBJC_ROOT_CLASS = YES_ERROR;
				CLANG_WARN_UNREACHABLE_CODE = YES;
				CLANG_WARN__DUPLICATE_METHOD_MATCH = YES;
				"CODE_SIGN_IDENTITY[sdk=iphoneos*]" = "iPhone Developer";
				COPY_PHASE_STRIP = NO;
				DEBUG_INFORMATION_FORMAT = dwarf;
				ENABLE_STRICT_OBJC_MSGSEND = YES;
				ENABLE_TESTABILITY = YES;
				GCC_C_LANGUAGE_STANDARD = gnu99;
				GCC_DYNAMIC_NO_PIC = NO;
				GCC_NO_COMMON_BLOCKS = YES;
				GCC_OPTIMIZATION_LEVEL = 0;
				GCC_PREPROCESSOR_DEFINITIONS = (
					"DEBUG=1",
					"$(inherited)",
				);
				GCC_WARN_64_TO_32_BIT_CONVERSION = YES;
				GCC_WARN_ABOUT_RETURN_TYPE = YES_ERROR;
				GCC_WARN_UNDECLARED_SELECTOR = YES;
				GCC_WARN_UNINITIALIZED_AUTOS = YES_AGGRESSIVE;
				GCC_WARN_UNUSED_FUNCTION = YES;
				GCC_WARN_UNUSED_VARIABLE = YES;
				IPHONEOS_DEPLOYMENT_TARGET = 9.3;
				MTL_ENABLE_DEBUG_INFO = YES;
				ONLY_ACTIVE_ARCH = YES;
				SDKROOT = iphoneos;
				SWIFT_OPTIMIZATION_LEVEL = "-Onone";
			};
			name = Debug;
		};
		0A6AD1F11D1232CC00353ABA /* Release */ = {
			isa = XCBuildConfiguration;
			buildSettings = {
				ALWAYS_SEARCH_USER_PATHS = NO;
				CLANG_ANALYZER_NONNULL = YES;
				CLANG_CXX_LANGUAGE_STANDARD = "gnu++0x";
				CLANG_CXX_LIBRARY = "libc++";
				CLANG_ENABLE_MODULES = YES;
				CLANG_ENABLE_OBJC_ARC = YES;
				CLANG_WARN_BOOL_CONVERSION = YES;
				CLANG_WARN_CONSTANT_CONVERSION = YES;
				CLANG_WARN_DIRECT_OBJC_ISA_USAGE = YES_ERROR;
				CLANG_WARN_EMPTY_BODY = YES;
				CLANG_WARN_ENUM_CONVERSION = YES;
				CLANG_WARN_INT_CONVERSION = YES;
				CLANG_WARN_OBJC_ROOT_CLASS = YES_ERROR;
				CLANG_WARN_UNREACHABLE_CODE = YES;
				CLANG_WARN__DUPLICATE_METHOD_MATCH = YES;
				"CODE_SIGN_IDENTITY[sdk=iphoneos*]" = "iPhone Developer";
				COPY_PHASE_STRIP = NO;
				DEBUG_INFORMATION_FORMAT = "dwarf-with-dsym";
				ENABLE_NS_ASSERTIONS = NO;
				ENABLE_STRICT_OBJC_MSGSEND = YES;
				GCC_C_LANGUAGE_STANDARD = gnu99;
				GCC_NO_COMMON_BLOCKS = YES;
				GCC_WARN_64_TO_32_BIT_CONVERSION = YES;
				GCC_WARN_ABOUT_RETURN_TYPE = YES_ERROR;
				GCC_WARN_UNDECLARED_SELECTOR = YES;
				GCC_WARN_UNINITIALIZED_AUTOS = YES_AGGRESSIVE;
				GCC_WARN_UNUSED_FUNCTION = YES;
				GCC_WARN_UNUSED_VARIABLE = YES;
				IPHONEOS_DEPLOYMENT_TARGET = 9.3;
				MTL_ENABLE_DEBUG_INFO = NO;
				SDKROOT = iphoneos;
				VALIDATE_PRODUCT = YES;
			};
			name = Release;
		};
		0A6AD1F31D1232CC00353ABA /* Debug */ = {
			isa = XCBuildConfiguration;
			buildSettings = {
				ASSETCATALOG_COMPILER_APPICON_NAME = AppIcon;
				INFOPLIST_FILE = "Playing with Arrays/Info.plist";
				LD_RUNPATH_SEARCH_PATHS = "$(inherited) @executable_path/Frameworks";
				PRODUCT_BUNDLE_IDENTIFIER = "com.SuperCool2.Playing-with-Arrays";
				PRODUCT_NAME = "$(TARGET_NAME)";
			};
			name = Debug;
		};
		0A6AD1F41D1232CC00353ABA /* Release */ = {
			isa = XCBuildConfiguration;
			buildSettings = {
				ASSETCATALOG_COMPILER_APPICON_NAME = AppIcon;
				INFOPLIST_FILE = "Playing with Arrays/Info.plist";
				LD_RUNPATH_SEARCH_PATHS = "$(inherited) @executable_path/Frameworks";
				PRODUCT_BUNDLE_IDENTIFIER = "com.SuperCool2.Playing-with-Arrays";
				PRODUCT_NAME = "$(TARGET_NAME)";
			};
			name = Release;
		};
/* End XCBuildConfiguration section */

/* Begin XCConfigurationList section */
		0A6AD1DB1D1232CC00353ABA /* Build configuration list for PBXProject "Playing with Arrays" */ = {
			isa = XCConfigurationList;
			buildConfigurations = (
				0A6AD1F01D1232CC00353ABA /* Debug */,
				0A6AD1F11D1232CC00353ABA /* Release */,
			);
			defaultConfigurationIsVisible = 0;
			defaultConfigurationName = Release;
		};
		0A6AD1F21D1232CC00353ABA /* Build configuration list for PBXNativeTarget "Playing with Arrays" */ = {
			isa = XCConfigurationList;
			buildConfigurations = (
				0A6AD1F31D1232CC00353ABA /* Debug */,
				0A6AD1F41D1232CC00353ABA /* Release */,
			);
			defaultConfigurationIsVisible = 0;
		};
/* End XCConfigurationList section */
	};
	rootObject = 0A6AD1D81D1232CC00353ABA /* Project object */;
}
